// !$*UTF8*$!
{
	archiveVersion = 1;
	classes = {
	};
	objectVersion = 52;
	objects = {

/* Begin PBXBuildFile section */
		04D15BA226E5E46C006D2A72 /* BehavioSecIOSSDK.a in Frameworks */ = {isa = PBXBuildFile; fileRef = 04D15B8C26E5E46B006D2A72 /* BehavioSecIOSSDK.a */; };
		04D15BA326E5E46C006D2A72 /* InMobileMME.framework in Frameworks */ = {isa = PBXBuildFile; fileRef = 04D15B9226E5E46B006D2A72 /* InMobileMME.framework */; };
		04D15BA426E5E46C006D2A72 /* SolusIntegrationLibrary.framework in Frameworks */ = {isa = PBXBuildFile; fileRef = 04D15B9326E5E46C006D2A72 /* SolusIntegrationLibrary.framework */; platformFilter = ios; };
		04D15BA526E5E46C006D2A72 /* SOLUSInAuthManager.m in Sources */ = {isa = PBXBuildFile; fileRef = 04D15B9526E5E46C006D2A72 /* SOLUSInAuthManager.m */; };
		04D15BA626E5E46C006D2A72 /* FaceTecSDK.framework in Frameworks */ = {isa = PBXBuildFile; fileRef = 04D15B9726E5E46C006D2A72 /* FaceTecSDK.framework */; };
		04D15BA726E5E46C006D2A72 /* Solus_DLock_SDK.framework in Frameworks */ = {isa = PBXBuildFile; fileRef = 04D15B9826E5E46C006D2A72 /* Solus_DLock_SDK.framework */; platformFilter = ios; };
		04D15BA826E5E46C006D2A72 /* _25519.framework in Frameworks */ = {isa = PBXBuildFile; fileRef = 04D15B9926E5E46C006D2A72 /* _25519.framework */; platformFilter = ios; };
		04D15BAA26E5E46D006D2A72 /* SOLUSNetworkManager.m in Sources */ = {isa = PBXBuildFile; fileRef = 04D15B9C26E5E46C006D2A72 /* SOLUSNetworkManager.m */; };
		04D15BAB26E5E46D006D2A72 /* SOLUSStorageModel.m in Sources */ = {isa = PBXBuildFile; fileRef = 04D15B9D26E5E46C006D2A72 /* SOLUSStorageModel.m */; };
		04D15BAC26E5E46D006D2A72 /* SOLUSBSManager.m in Sources */ = {isa = PBXBuildFile; fileRef = 04D15BA026E5E46C006D2A72 /* SOLUSBSManager.m */; };
		04D15BAF26E5E4DA006D2A72 /* FaceTecSDK.framework in CopyFiles */ = {isa = PBXBuildFile; fileRef = 04D15B9726E5E46C006D2A72 /* FaceTecSDK.framework */; settings = {ATTRIBUTES = (CodeSignOnCopy, RemoveHeadersOnCopy, ); }; };
		04D15BB026E5E4DA006D2A72 /* Solus_DLock_SDK.framework in CopyFiles */ = {isa = PBXBuildFile; fileRef = 04D15B9826E5E46C006D2A72 /* Solus_DLock_SDK.framework */; platformFilter = ios; settings = {ATTRIBUTES = (CodeSignOnCopy, RemoveHeadersOnCopy, ); }; };
		04D15BB126E5E4DA006D2A72 /* _25519.framework in CopyFiles */ = {isa = PBXBuildFile; fileRef = 04D15B9926E5E46C006D2A72 /* _25519.framework */; platformFilter = ios; settings = {ATTRIBUTES = (CodeSignOnCopy, RemoveHeadersOnCopy, ); }; };
		04D15BB326E5E4DA006D2A72 /* InMobileMME.framework in CopyFiles */ = {isa = PBXBuildFile; fileRef = 04D15B9226E5E46B006D2A72 /* InMobileMME.framework */; settings = {ATTRIBUTES = (CodeSignOnCopy, RemoveHeadersOnCopy, ); }; };
		04D15BB426E5E4DA006D2A72 /* SolusIntegrationLibrary.framework in CopyFiles */ = {isa = PBXBuildFile; fileRef = 04D15B9326E5E46C006D2A72 /* SolusIntegrationLibrary.framework */; platformFilter = ios; settings = {ATTRIBUTES = (CodeSignOnCopy, RemoveHeadersOnCopy, ); }; };
		04D15BB626E5E501006D2A72 /* Rnsolus.m in Sources */ = {isa = PBXBuildFile; fileRef = B3E7B5891CC2AC0600A0062D /* Rnsolus.m */; };
		04F4D9E826E6151A00B04A11 /* UIProgressView+AFNetworking.m in Sources */ = {isa = PBXBuildFile; fileRef = 04F4D9BE26E6151A00B04A11 /* UIProgressView+AFNetworking.m */; };
		04F4D9E926E6151A00B04A11 /* UIRefreshControl+AFNetworking.m in Sources */ = {isa = PBXBuildFile; fileRef = 04F4D9C026E6151A00B04A11 /* UIRefreshControl+AFNetworking.m */; };
		04F4D9EA26E6151A00B04A11 /* AFNetworkActivityIndicatorManager.m in Sources */ = {isa = PBXBuildFile; fileRef = 04F4D9C326E6151A00B04A11 /* AFNetworkActivityIndicatorManager.m */; };
		04F4D9EB26E6151A00B04A11 /* WKWebView+AFNetworking.m in Sources */ = {isa = PBXBuildFile; fileRef = 04F4D9C626E6151A00B04A11 /* WKWebView+AFNetworking.m */; };
		04F4D9EC26E6151A00B04A11 /* UIImageView+AFNetworking.m in Sources */ = {isa = PBXBuildFile; fileRef = 04F4D9C826E6151A00B04A11 /* UIImageView+AFNetworking.m */; };
		04F4D9ED26E6151A00B04A11 /* UIButton+AFNetworking.m in Sources */ = {isa = PBXBuildFile; fileRef = 04F4D9CB26E6151A00B04A11 /* UIButton+AFNetworking.m */; };
		04F4D9EE26E6151A00B04A11 /* UIActivityIndicatorView+AFNetworking.m in Sources */ = {isa = PBXBuildFile; fileRef = 04F4D9CC26E6151A00B04A11 /* UIActivityIndicatorView+AFNetworking.m */; };
		04F4D9EF26E6151A00B04A11 /* AFAutoPurgingImageCache.m in Sources */ = {isa = PBXBuildFile; fileRef = 04F4D9CD26E6151A00B04A11 /* AFAutoPurgingImageCache.m */; };
		04F4D9F026E6151B00B04A11 /* AFImageDownloader.m in Sources */ = {isa = PBXBuildFile; fileRef = 04F4D9CF26E6151A00B04A11 /* AFImageDownloader.m */; };
		04F4D9F126E6151B00B04A11 /* AFURLResponseSerialization.m in Sources */ = {isa = PBXBuildFile; fileRef = 04F4D9D526E6151A00B04A11 /* AFURLResponseSerialization.m */; };
		04F4D9F226E6151B00B04A11 /* AFHTTPSessionManager.m in Sources */ = {isa = PBXBuildFile; fileRef = 04F4D9D626E6151A00B04A11 /* AFHTTPSessionManager.m */; };
		04F4D9F326E6151B00B04A11 /* AFURLSessionManager.m in Sources */ = {isa = PBXBuildFile; fileRef = 04F4D9D826E6151A00B04A11 /* AFURLSessionManager.m */; };
		04F4D9F426E6151B00B04A11 /* AFURLRequestSerialization.m in Sources */ = {isa = PBXBuildFile; fileRef = 04F4D9D926E6151A00B04A11 /* AFURLRequestSerialization.m */; };
		04F4D9F526E6151B00B04A11 /* AFNetworkReachabilityManager.m in Sources */ = {isa = PBXBuildFile; fileRef = 04F4D9DB26E6151A00B04A11 /* AFNetworkReachabilityManager.m */; };
		04F4D9F626E6151B00B04A11 /* AFSecurityPolicy.m in Sources */ = {isa = PBXBuildFile; fileRef = 04F4D9DC26E6151A00B04A11 /* AFSecurityPolicy.m */; };
		04F4D9F726E6151B00B04A11 /* A0SimpleKeychain+KeyPair.m in Sources */ = {isa = PBXBuildFile; fileRef = 04F4D9E226E6151A00B04A11 /* A0SimpleKeychain+KeyPair.m */; };
		04F4D9F826E6151B00B04A11 /* A0SimpleKeychain.m in Sources */ = {isa = PBXBuildFile; fileRef = 04F4D9E626E6151A00B04A11 /* A0SimpleKeychain.m */; };
/* End PBXBuildFile section */

/* Begin PBXCopyFilesBuildPhase section */
		04D15BAE26E5E4CC006D2A72 /* CopyFiles */ = {
			isa = PBXCopyFilesBuildPhase;
			buildActionMask = 2147483647;
			dstPath = "";
			dstSubfolderSpec = 10;
			files = (
				04D15BAF26E5E4DA006D2A72 /* FaceTecSDK.framework in CopyFiles */,
				04D15BB026E5E4DA006D2A72 /* Solus_DLock_SDK.framework in CopyFiles */,
				04D15BB126E5E4DA006D2A72 /* _25519.framework in CopyFiles */,
				04D15BB326E5E4DA006D2A72 /* InMobileMME.framework in CopyFiles */,
				04D15BB426E5E4DA006D2A72 /* SolusIntegrationLibrary.framework in CopyFiles */,
			);
			runOnlyForDeploymentPostprocessing = 0;
		};
		58B511D91A9E6C8500147676 /* CopyFiles */ = {
			isa = PBXCopyFilesBuildPhase;
			buildActionMask = 2147483647;
			dstPath = "include/$(PRODUCT_NAME)";
			dstSubfolderSpec = 16;
			files = (
			);
			runOnlyForDeploymentPostprocessing = 0;
		};
/* End PBXCopyFilesBuildPhase section */

/* Begin PBXFileReference section */
		04D15B8C26E5E46B006D2A72 /* BehavioSecIOSSDK.a */ = {isa = PBXFileReference; lastKnownFileType = archive.ar; path = BehavioSecIOSSDK.a; sourceTree = "<group>"; };
		04D15B8D26E5E46B006D2A72 /* Zoom.strings */ = {isa = PBXFileReference; fileEncoding = 4; lastKnownFileType = text.plist.strings; path = Zoom.strings; sourceTree = "<group>"; };
		04D15B8F26E5E46B006D2A72 /* server_keys_message_hosted.json */ = {isa = PBXFileReference; fileEncoding = 4; lastKnownFileType = text.json; path = server_keys_message_hosted.json; sourceTree = "<group>"; };
		04D15B9026E5E46B006D2A72 /* ZoomConfigurationForTestApplication.xcconfig */ = {isa = PBXFileReference; fileEncoding = 4; lastKnownFileType = text.xcconfig; path = ZoomConfigurationForTestApplication.xcconfig; sourceTree = "<group>"; };
		04D15B9126E5E46B006D2A72 /* SOLUSStorageModel.h */ = {isa = PBXFileReference; fileEncoding = 4; lastKnownFileType = sourcecode.c.h; path = SOLUSStorageModel.h; sourceTree = "<group>"; };
		04D15B9226E5E46B006D2A72 /* InMobileMME.framework */ = {isa = PBXFileReference; lastKnownFileType = wrapper.framework; path = InMobileMME.framework; sourceTree = "<group>"; };
		04D15B9326E5E46C006D2A72 /* SolusIntegrationLibrary.framework */ = {isa = PBXFileReference; lastKnownFileType = wrapper.framework; path = SolusIntegrationLibrary.framework; sourceTree = "<group>"; };
		04D15B9426E5E46C006D2A72 /* server_keys_message_hosted.json */ = {isa = PBXFileReference; fileEncoding = 4; lastKnownFileType = text.json; path = server_keys_message_hosted.json; sourceTree = "<group>"; };
		04D15B9526E5E46C006D2A72 /* SOLUSInAuthManager.m */ = {isa = PBXFileReference; fileEncoding = 4; lastKnownFileType = sourcecode.c.objc; path = SOLUSInAuthManager.m; sourceTree = "<group>"; };
		04D15B9726E5E46C006D2A72 /* FaceTecSDK.framework */ = {isa = PBXFileReference; lastKnownFileType = wrapper.framework; path = FaceTecSDK.framework; sourceTree = "<group>"; };
		04D15B9826E5E46C006D2A72 /* Solus_DLock_SDK.framework */ = {isa = PBXFileReference; lastKnownFileType = wrapper.framework; path = Solus_DLock_SDK.framework; sourceTree = "<group>"; };
		04D15B9926E5E46C006D2A72 /* _25519.framework */ = {isa = PBXFileReference; lastKnownFileType = wrapper.framework; path = _25519.framework; sourceTree = "<group>"; };
		04D15B9B26E5E46C006D2A72 /* SOLUSNetworkManager.h */ = {isa = PBXFileReference; fileEncoding = 4; lastKnownFileType = sourcecode.c.h; path = SOLUSNetworkManager.h; sourceTree = "<group>"; };
		04D15B9C26E5E46C006D2A72 /* SOLUSNetworkManager.m */ = {isa = PBXFileReference; fileEncoding = 4; lastKnownFileType = sourcecode.c.objc; path = SOLUSNetworkManager.m; sourceTree = "<group>"; };
		04D15B9D26E5E46C006D2A72 /* SOLUSStorageModel.m */ = {isa = PBXFileReference; fileEncoding = 4; lastKnownFileType = sourcecode.c.objc; path = SOLUSStorageModel.m; sourceTree = "<group>"; };
		04D15B9E26E5E46C006D2A72 /* SOLUSInAuthManager.h */ = {isa = PBXFileReference; fileEncoding = 4; lastKnownFileType = sourcecode.c.h; path = SOLUSInAuthManager.h; sourceTree = "<group>"; };
		04D15B9F26E5E46C006D2A72 /* SOLUSBSManager.h */ = {isa = PBXFileReference; fileEncoding = 4; lastKnownFileType = sourcecode.c.h; path = SOLUSBSManager.h; sourceTree = "<group>"; };
		04D15BA026E5E46C006D2A72 /* SOLUSBSManager.m */ = {isa = PBXFileReference; fileEncoding = 4; lastKnownFileType = sourcecode.c.objc; path = SOLUSBSManager.m; sourceTree = "<group>"; };
		04D15BA126E5E46C006D2A72 /* BehavioSecIOSSDK.h */ = {isa = PBXFileReference; fileEncoding = 4; lastKnownFileType = sourcecode.c.h; path = BehavioSecIOSSDK.h; sourceTree = "<group>"; };
		04F4D9BA26E6151A00B04A11 /* LICENSE */ = {isa = PBXFileReference; fileEncoding = 4; lastKnownFileType = text; path = LICENSE; sourceTree = "<group>"; };
		04F4D9BB26E6151A00B04A11 /* README.md */ = {isa = PBXFileReference; fileEncoding = 4; lastKnownFileType = net.daringfireball.markdown; path = README.md; sourceTree = "<group>"; };
		04F4D9BD26E6151A00B04A11 /* WKWebView+AFNetworking.h */ = {isa = PBXFileReference; fileEncoding = 4; lastKnownFileType = sourcecode.c.h; path = "WKWebView+AFNetworking.h"; sourceTree = "<group>"; };
		04F4D9BE26E6151A00B04A11 /* UIProgressView+AFNetworking.m */ = {isa = PBXFileReference; fileEncoding = 4; lastKnownFileType = sourcecode.c.objc; path = "UIProgressView+AFNetworking.m"; sourceTree = "<group>"; };
		04F4D9BF26E6151A00B04A11 /* UIButton+AFNetworking.h */ = {isa = PBXFileReference; fileEncoding = 4; lastKnownFileType = sourcecode.c.h; path = "UIButton+AFNetworking.h"; sourceTree = "<group>"; };
		04F4D9C026E6151A00B04A11 /* UIRefreshControl+AFNetworking.m */ = {isa = PBXFileReference; fileEncoding = 4; lastKnownFileType = sourcecode.c.objc; path = "UIRefreshControl+AFNetworking.m"; sourceTree = "<group>"; };
		04F4D9C126E6151A00B04A11 /* UIImageView+AFNetworking.h */ = {isa = PBXFileReference; fileEncoding = 4; lastKnownFileType = sourcecode.c.h; path = "UIImageView+AFNetworking.h"; sourceTree = "<group>"; };
		04F4D9C226E6151A00B04A11 /* AFImageDownloader.h */ = {isa = PBXFileReference; fileEncoding = 4; lastKnownFileType = sourcecode.c.h; path = AFImageDownloader.h; sourceTree = "<group>"; };
		04F4D9C326E6151A00B04A11 /* AFNetworkActivityIndicatorManager.m */ = {isa = PBXFileReference; fileEncoding = 4; lastKnownFileType = sourcecode.c.objc; path = AFNetworkActivityIndicatorManager.m; sourceTree = "<group>"; };
		04F4D9C426E6151A00B04A11 /* AFAutoPurgingImageCache.h */ = {isa = PBXFileReference; fileEncoding = 4; lastKnownFileType = sourcecode.c.h; path = AFAutoPurgingImageCache.h; sourceTree = "<group>"; };
		04F4D9C526E6151A00B04A11 /* UIActivityIndicatorView+AFNetworking.h */ = {isa = PBXFileReference; fileEncoding = 4; lastKnownFileType = sourcecode.c.h; path = "UIActivityIndicatorView+AFNetworking.h"; sourceTree = "<group>"; };
		04F4D9C626E6151A00B04A11 /* WKWebView+AFNetworking.m */ = {isa = PBXFileReference; fileEncoding = 4; lastKnownFileType = sourcecode.c.objc; path = "WKWebView+AFNetworking.m"; sourceTree = "<group>"; };
		04F4D9C726E6151A00B04A11 /* UIProgressView+AFNetworking.h */ = {isa = PBXFileReference; fileEncoding = 4; lastKnownFileType = sourcecode.c.h; path = "UIProgressView+AFNetworking.h"; sourceTree = "<group>"; };
		04F4D9C826E6151A00B04A11 /* UIImageView+AFNetworking.m */ = {isa = PBXFileReference; fileEncoding = 4; lastKnownFileType = sourcecode.c.objc; path = "UIImageView+AFNetworking.m"; sourceTree = "<group>"; };
		04F4D9C926E6151A00B04A11 /* UIKit+AFNetworking.h */ = {isa = PBXFileReference; fileEncoding = 4; lastKnownFileType = sourcecode.c.h; path = "UIKit+AFNetworking.h"; sourceTree = "<group>"; };
		04F4D9CA26E6151A00B04A11 /* UIRefreshControl+AFNetworking.h */ = {isa = PBXFileReference; fileEncoding = 4; lastKnownFileType = sourcecode.c.h; path = "UIRefreshControl+AFNetworking.h"; sourceTree = "<group>"; };
		04F4D9CB26E6151A00B04A11 /* UIButton+AFNetworking.m */ = {isa = PBXFileReference; fileEncoding = 4; lastKnownFileType = sourcecode.c.objc; path = "UIButton+AFNetworking.m"; sourceTree = "<group>"; };
		04F4D9CC26E6151A00B04A11 /* UIActivityIndicatorView+AFNetworking.m */ = {isa = PBXFileReference; fileEncoding = 4; lastKnownFileType = sourcecode.c.objc; path = "UIActivityIndicatorView+AFNetworking.m"; sourceTree = "<group>"; };
		04F4D9CD26E6151A00B04A11 /* AFAutoPurgingImageCache.m */ = {isa = PBXFileReference; fileEncoding = 4; lastKnownFileType = sourcecode.c.objc; path = AFAutoPurgingImageCache.m; sourceTree = "<group>"; };
		04F4D9CE26E6151A00B04A11 /* AFNetworkActivityIndicatorManager.h */ = {isa = PBXFileReference; fileEncoding = 4; lastKnownFileType = sourcecode.c.h; path = AFNetworkActivityIndicatorManager.h; sourceTree = "<group>"; };
		04F4D9CF26E6151A00B04A11 /* AFImageDownloader.m */ = {isa = PBXFileReference; fileEncoding = 4; lastKnownFileType = sourcecode.c.objc; path = AFImageDownloader.m; sourceTree = "<group>"; };
		04F4D9D126E6151A00B04A11 /* AFSecurityPolicy.h */ = {isa = PBXFileReference; fileEncoding = 4; lastKnownFileType = sourcecode.c.h; path = AFSecurityPolicy.h; sourceTree = "<group>"; };
		04F4D9D226E6151A00B04A11 /* AFNetworkReachabilityManager.h */ = {isa = PBXFileReference; fileEncoding = 4; lastKnownFileType = sourcecode.c.h; path = AFNetworkReachabilityManager.h; sourceTree = "<group>"; };
		04F4D9D326E6151A00B04A11 /* AFURLSessionManager.h */ = {isa = PBXFileReference; fileEncoding = 4; lastKnownFileType = sourcecode.c.h; path = AFURLSessionManager.h; sourceTree = "<group>"; };
		04F4D9D426E6151A00B04A11 /* AFURLRequestSerialization.h */ = {isa = PBXFileReference; fileEncoding = 4; lastKnownFileType = sourcecode.c.h; path = AFURLRequestSerialization.h; sourceTree = "<group>"; };
		04F4D9D526E6151A00B04A11 /* AFURLResponseSerialization.m */ = {isa = PBXFileReference; fileEncoding = 4; lastKnownFileType = sourcecode.c.objc; path = AFURLResponseSerialization.m; sourceTree = "<group>"; };
		04F4D9D626E6151A00B04A11 /* AFHTTPSessionManager.m */ = {isa = PBXFileReference; fileEncoding = 4; lastKnownFileType = sourcecode.c.objc; path = AFHTTPSessionManager.m; sourceTree = "<group>"; };
		04F4D9D726E6151A00B04A11 /* AFURLResponseSerialization.h */ = {isa = PBXFileReference; fileEncoding = 4; lastKnownFileType = sourcecode.c.h; path = AFURLResponseSerialization.h; sourceTree = "<group>"; };
		04F4D9D826E6151A00B04A11 /* AFURLSessionManager.m */ = {isa = PBXFileReference; fileEncoding = 4; lastKnownFileType = sourcecode.c.objc; path = AFURLSessionManager.m; sourceTree = "<group>"; };
		04F4D9D926E6151A00B04A11 /* AFURLRequestSerialization.m */ = {isa = PBXFileReference; fileEncoding = 4; lastKnownFileType = sourcecode.c.objc; path = AFURLRequestSerialization.m; sourceTree = "<group>"; };
		04F4D9DA26E6151A00B04A11 /* AFNetworking.h */ = {isa = PBXFileReference; fileEncoding = 4; lastKnownFileType = sourcecode.c.h; path = AFNetworking.h; sourceTree = "<group>"; };
		04F4D9DB26E6151A00B04A11 /* AFNetworkReachabilityManager.m */ = {isa = PBXFileReference; fileEncoding = 4; lastKnownFileType = sourcecode.c.objc; path = AFNetworkReachabilityManager.m; sourceTree = "<group>"; };
		04F4D9DC26E6151A00B04A11 /* AFSecurityPolicy.m */ = {isa = PBXFileReference; fileEncoding = 4; lastKnownFileType = sourcecode.c.objc; path = AFSecurityPolicy.m; sourceTree = "<group>"; };
		04F4D9DD26E6151A00B04A11 /* AFCompatibilityMacros.h */ = {isa = PBXFileReference; fileEncoding = 4; lastKnownFileType = sourcecode.c.h; path = AFCompatibilityMacros.h; sourceTree = "<group>"; };
		04F4D9DE26E6151A00B04A11 /* AFHTTPSessionManager.h */ = {isa = PBXFileReference; fileEncoding = 4; lastKnownFileType = sourcecode.c.h; path = AFHTTPSessionManager.h; sourceTree = "<group>"; };
		04F4D9E026E6151A00B04A11 /* LICENSE */ = {isa = PBXFileReference; fileEncoding = 4; lastKnownFileType = text; path = LICENSE; sourceTree = "<group>"; };
		04F4D9E226E6151A00B04A11 /* A0SimpleKeychain+KeyPair.m */ = {isa = PBXFileReference; fileEncoding = 4; lastKnownFileType = sourcecode.c.objc; path = "A0SimpleKeychain+KeyPair.m"; sourceTree = "<group>"; };
		04F4D9E326E6151A00B04A11 /* A0SimpleKeychain.h */ = {isa = PBXFileReference; fileEncoding = 4; lastKnownFileType = sourcecode.c.h; path = A0SimpleKeychain.h; sourceTree = "<group>"; };
		04F4D9E426E6151A00B04A11 /* SimpleKeychain.h */ = {isa = PBXFileReference; fileEncoding = 4; lastKnownFileType = sourcecode.c.h; path = SimpleKeychain.h; sourceTree = "<group>"; };
		04F4D9E526E6151A00B04A11 /* A0SimpleKeychain+KeyPair.h */ = {isa = PBXFileReference; fileEncoding = 4; lastKnownFileType = sourcecode.c.h; path = "A0SimpleKeychain+KeyPair.h"; sourceTree = "<group>"; };
		04F4D9E626E6151A00B04A11 /* A0SimpleKeychain.m */ = {isa = PBXFileReference; fileEncoding = 4; lastKnownFileType = sourcecode.c.objc; path = A0SimpleKeychain.m; sourceTree = "<group>"; };
		04F4D9E726E6151A00B04A11 /* README.md */ = {isa = PBXFileReference; fileEncoding = 4; lastKnownFileType = net.daringfireball.markdown; path = README.md; sourceTree = "<group>"; };
		134814201AA4EA6300B7C361 /* libRnsolus.a */ = {isa = PBXFileReference; explicitFileType = archive.ar; includeInIndex = 0; path = libRnsolus.a; sourceTree = BUILT_PRODUCTS_DIR; };
		B3E7B5881CC2AC0600A0062D /* Rnsolus.h */ = {isa = PBXFileReference; fileEncoding = 4; lastKnownFileType = sourcecode.c.h; path = Rnsolus.h; sourceTree = "<group>"; };
		B3E7B5891CC2AC0600A0062D /* Rnsolus.m */ = {isa = PBXFileReference; fileEncoding = 4; lastKnownFileType = sourcecode.c.objc; path = Rnsolus.m; sourceTree = "<group>"; };
/* End PBXFileReference section */

/* Begin PBXFrameworksBuildPhase section */
		58B511D81A9E6C8500147676 /* Frameworks */ = {
			isa = PBXFrameworksBuildPhase;
			buildActionMask = 2147483647;
			files = (
				04D15BA226E5E46C006D2A72 /* BehavioSecIOSSDK.a in Frameworks */,
				04D15BA626E5E46C006D2A72 /* FaceTecSDK.framework in Frameworks */,
				04D15BA426E5E46C006D2A72 /* SolusIntegrationLibrary.framework in Frameworks */,
				04D15BA826E5E46C006D2A72 /* _25519.framework in Frameworks */,
				04D15BA326E5E46C006D2A72 /* InMobileMME.framework in Frameworks */,
				04D15BA726E5E46C006D2A72 /* Solus_DLock_SDK.framework in Frameworks */,
			);
			runOnlyForDeploymentPostprocessing = 0;
		};
/* End PBXFrameworksBuildPhase section */

/* Begin PBXGroup section */
		04D15B8E26E5E46B006D2A72 /* inauth */ = {
			isa = PBXGroup;
			children = (
				04D15B8F26E5E46B006D2A72 /* server_keys_message_hosted.json */,
			);
			path = inauth;
			sourceTree = "<group>";
		};
		04D15B9626E5E46C006D2A72 /* Frameworks */ = {
			isa = PBXGroup;
			children = (
				04D15B9726E5E46C006D2A72 /* FaceTecSDK.framework */,
				04D15B9826E5E46C006D2A72 /* Solus_DLock_SDK.framework */,
				04D15B9926E5E46C006D2A72 /* _25519.framework */,
			);
			path = Frameworks;
			sourceTree = "<group>";
		};
		04F4D9B926E6151A00B04A11 /* AFNetworking */ = {
			isa = PBXGroup;
			children = (
				04F4D9BA26E6151A00B04A11 /* LICENSE */,
				04F4D9BB26E6151A00B04A11 /* README.md */,
				04F4D9BC26E6151A00B04A11 /* UIKit+AFNetworking */,
				04F4D9D026E6151A00B04A11 /* AFNetworking */,
			);
			path = AFNetworking;
			sourceTree = "<group>";
		};
		04F4D9BC26E6151A00B04A11 /* UIKit+AFNetworking */ = {
			isa = PBXGroup;
			children = (
				04F4D9BD26E6151A00B04A11 /* WKWebView+AFNetworking.h */,
				04F4D9BE26E6151A00B04A11 /* UIProgressView+AFNetworking.m */,
				04F4D9BF26E6151A00B04A11 /* UIButton+AFNetworking.h */,
				04F4D9C026E6151A00B04A11 /* UIRefreshControl+AFNetworking.m */,
				04F4D9C126E6151A00B04A11 /* UIImageView+AFNetworking.h */,
				04F4D9C226E6151A00B04A11 /* AFImageDownloader.h */,
				04F4D9C326E6151A00B04A11 /* AFNetworkActivityIndicatorManager.m */,
				04F4D9C426E6151A00B04A11 /* AFAutoPurgingImageCache.h */,
				04F4D9C526E6151A00B04A11 /* UIActivityIndicatorView+AFNetworking.h */,
				04F4D9C626E6151A00B04A11 /* WKWebView+AFNetworking.m */,
				04F4D9C726E6151A00B04A11 /* UIProgressView+AFNetworking.h */,
				04F4D9C826E6151A00B04A11 /* UIImageView+AFNetworking.m */,
				04F4D9C926E6151A00B04A11 /* UIKit+AFNetworking.h */,
				04F4D9CA26E6151A00B04A11 /* UIRefreshControl+AFNetworking.h */,
				04F4D9CB26E6151A00B04A11 /* UIButton+AFNetworking.m */,
				04F4D9CC26E6151A00B04A11 /* UIActivityIndicatorView+AFNetworking.m */,
				04F4D9CD26E6151A00B04A11 /* AFAutoPurgingImageCache.m */,
				04F4D9CE26E6151A00B04A11 /* AFNetworkActivityIndicatorManager.h */,
				04F4D9CF26E6151A00B04A11 /* AFImageDownloader.m */,
			);
			path = "UIKit+AFNetworking";
			sourceTree = "<group>";
		};
		04F4D9D026E6151A00B04A11 /* AFNetworking */ = {
			isa = PBXGroup;
			children = (
				04F4D9D126E6151A00B04A11 /* AFSecurityPolicy.h */,
				04F4D9D226E6151A00B04A11 /* AFNetworkReachabilityManager.h */,
				04F4D9D326E6151A00B04A11 /* AFURLSessionManager.h */,
				04F4D9D426E6151A00B04A11 /* AFURLRequestSerialization.h */,
				04F4D9D526E6151A00B04A11 /* AFURLResponseSerialization.m */,
				04F4D9D626E6151A00B04A11 /* AFHTTPSessionManager.m */,
				04F4D9D726E6151A00B04A11 /* AFURLResponseSerialization.h */,
				04F4D9D826E6151A00B04A11 /* AFURLSessionManager.m */,
				04F4D9D926E6151A00B04A11 /* AFURLRequestSerialization.m */,
				04F4D9DA26E6151A00B04A11 /* AFNetworking.h */,
				04F4D9DB26E6151A00B04A11 /* AFNetworkReachabilityManager.m */,
				04F4D9DC26E6151A00B04A11 /* AFSecurityPolicy.m */,
				04F4D9DD26E6151A00B04A11 /* AFCompatibilityMacros.h */,
				04F4D9DE26E6151A00B04A11 /* AFHTTPSessionManager.h */,
			);
			path = AFNetworking;
			sourceTree = "<group>";
		};
		04F4D9DF26E6151A00B04A11 /* SimpleKeychain */ = {
			isa = PBXGroup;
			children = (
				04F4D9E026E6151A00B04A11 /* LICENSE */,
				04F4D9E126E6151A00B04A11 /* SimpleKeychain */,
				04F4D9E726E6151A00B04A11 /* README.md */,
			);
			path = SimpleKeychain;
			sourceTree = "<group>";
		};
		04F4D9E126E6151A00B04A11 /* SimpleKeychain */ = {
			isa = PBXGroup;
			children = (
				04F4D9E226E6151A00B04A11 /* A0SimpleKeychain+KeyPair.m */,
				04F4D9E326E6151A00B04A11 /* A0SimpleKeychain.h */,
				04F4D9E426E6151A00B04A11 /* SimpleKeychain.h */,
				04F4D9E526E6151A00B04A11 /* A0SimpleKeychain+KeyPair.h */,
				04F4D9E626E6151A00B04A11 /* A0SimpleKeychain.m */,
			);
			path = SimpleKeychain;
			sourceTree = "<group>";
		};
		134814211AA4EA7D00B7C361 /* Products */ = {
			isa = PBXGroup;
			children = (
				134814201AA4EA6300B7C361 /* libRnsolus.a */,
			);
			name = Products;
			sourceTree = "<group>";
		};
		58B511D21A9E6C8500147676 = {
			isa = PBXGroup;
			children = (
				04F4D9B926E6151A00B04A11 /* AFNetworking */,
				04F4D9DF26E6151A00B04A11 /* SimpleKeychain */,
				04D15B8C26E5E46B006D2A72 /* BehavioSecIOSSDK.a */,
				04D15BA126E5E46C006D2A72 /* BehavioSecIOSSDK.h */,
				04D15B9626E5E46C006D2A72 /* Frameworks */,
				04D15B8E26E5E46B006D2A72 /* inauth */,
				04D15B9226E5E46B006D2A72 /* InMobileMME.framework */,
				04D15B9426E5E46C006D2A72 /* server_keys_message_hosted.json */,
				04D15B9F26E5E46C006D2A72 /* SOLUSBSManager.h */,
				04D15BA026E5E46C006D2A72 /* SOLUSBSManager.m */,
				04D15B9E26E5E46C006D2A72 /* SOLUSInAuthManager.h */,
				04D15B9526E5E46C006D2A72 /* SOLUSInAuthManager.m */,
				04D15B9326E5E46C006D2A72 /* SolusIntegrationLibrary.framework */,
				04D15B9B26E5E46C006D2A72 /* SOLUSNetworkManager.h */,
				04D15B9C26E5E46C006D2A72 /* SOLUSNetworkManager.m */,
				04D15B9126E5E46B006D2A72 /* SOLUSStorageModel.h */,
				04D15B9D26E5E46C006D2A72 /* SOLUSStorageModel.m */,
				04D15B8D26E5E46B006D2A72 /* Zoom.strings */,
				04D15B9026E5E46B006D2A72 /* ZoomConfigurationForTestApplication.xcconfig */,
				B3E7B5881CC2AC0600A0062D /* Rnsolus.h */,
				B3E7B5891CC2AC0600A0062D /* Rnsolus.m */,
				134814211AA4EA7D00B7C361 /* Products */,
			);
			sourceTree = "<group>";
		};
/* End PBXGroup section */

/* Begin PBXNativeTarget section */
		58B511DA1A9E6C8500147676 /* Rnsolus */ = {
			isa = PBXNativeTarget;
			buildConfigurationList = 58B511EF1A9E6C8500147676 /* Build configuration list for PBXNativeTarget "Rnsolus" */;
			buildPhases = (
				58B511D71A9E6C8500147676 /* Sources */,
				58B511D81A9E6C8500147676 /* Frameworks */,
				58B511D91A9E6C8500147676 /* CopyFiles */,
				04D15BAE26E5E4CC006D2A72 /* CopyFiles */,
			);
			buildRules = (
			);
			dependencies = (
			);
			name = Rnsolus;
			productName = RCTDataManager;
			productReference = 134814201AA4EA6300B7C361 /* libRnsolus.a */;
			productType = "com.apple.product-type.library.static";
		};
/* End PBXNativeTarget section */

/* Begin PBXProject section */
		58B511D31A9E6C8500147676 /* Project object */ = {
			isa = PBXProject;
			attributes = {
				LastUpgradeCheck = 920;
				ORGANIZATIONNAME = Facebook;
				TargetAttributes = {
					58B511DA1A9E6C8500147676 = {
						CreatedOnToolsVersion = 6.1.1;
					};
				};
			};
			buildConfigurationList = 58B511D61A9E6C8500147676 /* Build configuration list for PBXProject "Rnsolus" */;
			compatibilityVersion = "Xcode 3.2";
			developmentRegion = English;
			hasScannedForEncodings = 0;
			knownRegions = (
				English,
				en,
			);
			mainGroup = 58B511D21A9E6C8500147676;
			productRefGroup = 58B511D21A9E6C8500147676;
			projectDirPath = "";
			projectRoot = "";
			targets = (
				58B511DA1A9E6C8500147676 /* Rnsolus */,
			);
		};
/* End PBXProject section */

/* Begin PBXSourcesBuildPhase section */
		58B511D71A9E6C8500147676 /* Sources */ = {
			isa = PBXSourcesBuildPhase;
			buildActionMask = 2147483647;
			files = (
				04F4D9F326E6151B00B04A11 /* AFURLSessionManager.m in Sources */,
				04F4D9EB26E6151A00B04A11 /* WKWebView+AFNetworking.m in Sources */,
				04F4D9F826E6151B00B04A11 /* A0SimpleKeychain.m in Sources */,
				04F4D9EC26E6151A00B04A11 /* UIImageView+AFNetworking.m in Sources */,
				04D15BB626E5E501006D2A72 /* Rnsolus.m in Sources */,
				04F4D9E926E6151A00B04A11 /* UIRefreshControl+AFNetworking.m in Sources */,
				04F4D9F526E6151B00B04A11 /* AFNetworkReachabilityManager.m in Sources */,
				04F4D9F126E6151B00B04A11 /* AFURLResponseSerialization.m in Sources */,
				04D15BA526E5E46C006D2A72 /* SOLUSInAuthManager.m in Sources */,
				04F4D9ED26E6151A00B04A11 /* UIButton+AFNetworking.m in Sources */,
				04F4D9F226E6151B00B04A11 /* AFHTTPSessionManager.m in Sources */,
				04F4D9F426E6151B00B04A11 /* AFURLRequestSerialization.m in Sources */,
				04F4D9EE26E6151A00B04A11 /* UIActivityIndicatorView+AFNetworking.m in Sources */,
				04D15BAC26E5E46D006D2A72 /* SOLUSBSManager.m in Sources */,
				04F4D9F726E6151B00B04A11 /* A0SimpleKeychain+KeyPair.m in Sources */,
				04F4D9EF26E6151A00B04A11 /* AFAutoPurgingImageCache.m in Sources */,
				04F4D9EA26E6151A00B04A11 /* AFNetworkActivityIndicatorManager.m in Sources */,
				04D15BAB26E5E46D006D2A72 /* SOLUSStorageModel.m in Sources */,
				04F4D9F626E6151B00B04A11 /* AFSecurityPolicy.m in Sources */,
				04F4D9F026E6151B00B04A11 /* AFImageDownloader.m in Sources */,
				04F4D9E826E6151A00B04A11 /* UIProgressView+AFNetworking.m in Sources */,
				04D15BAA26E5E46D006D2A72 /* SOLUSNetworkManager.m in Sources */,
			);
			runOnlyForDeploymentPostprocessing = 0;
		};
/* End PBXSourcesBuildPhase section */

/* Begin XCBuildConfiguration section */
		58B511ED1A9E6C8500147676 /* Debug */ = {
			isa = XCBuildConfiguration;
			buildSettings = {
				ALWAYS_SEARCH_USER_PATHS = NO;
				CLANG_CXX_LANGUAGE_STANDARD = "gnu++0x";
				CLANG_CXX_LIBRARY = "libc++";
				CLANG_ENABLE_MODULES = YES;
				CLANG_ENABLE_OBJC_ARC = YES;
				CLANG_WARN_BLOCK_CAPTURE_AUTORELEASING = YES;
				CLANG_WARN_BOOL_CONVERSION = YES;
				CLANG_WARN_COMMA = YES;
				CLANG_WARN_CONSTANT_CONVERSION = YES;
				CLANG_WARN_DIRECT_OBJC_ISA_USAGE = YES_ERROR;
				CLANG_WARN_EMPTY_BODY = YES;
				CLANG_WARN_ENUM_CONVERSION = YES;
				CLANG_WARN_INFINITE_RECURSION = YES;
				CLANG_WARN_INT_CONVERSION = YES;
				CLANG_WARN_NON_LITERAL_NULL_CONVERSION = YES;
				CLANG_WARN_OBJC_LITERAL_CONVERSION = YES;
				CLANG_WARN_OBJC_ROOT_CLASS = YES_ERROR;
				CLANG_WARN_RANGE_LOOP_ANALYSIS = YES;
				CLANG_WARN_STRICT_PROTOTYPES = YES;
				CLANG_WARN_SUSPICIOUS_MOVE = YES;
				CLANG_WARN_UNREACHABLE_CODE = YES;
				CLANG_WARN__DUPLICATE_METHOD_MATCH = YES;
				COPY_PHASE_STRIP = NO;
				ENABLE_STRICT_OBJC_MSGSEND = YES;
				ENABLE_TESTABILITY = YES;
				GCC_C_LANGUAGE_STANDARD = gnu99;
				GCC_DYNAMIC_NO_PIC = NO;
				GCC_NO_COMMON_BLOCKS = YES;
				GCC_OPTIMIZATION_LEVEL = 0;
				GCC_PREPROCESSOR_DEFINITIONS = (
					"DEBUG=1",
					"$(inherited)",
				);
				GCC_SYMBOLS_PRIVATE_EXTERN = NO;
				GCC_WARN_64_TO_32_BIT_CONVERSION = YES;
				GCC_WARN_ABOUT_RETURN_TYPE = YES_ERROR;
				GCC_WARN_UNDECLARED_SELECTOR = YES;
				GCC_WARN_UNINITIALIZED_AUTOS = YES_AGGRESSIVE;
				GCC_WARN_UNUSED_FUNCTION = YES;
				GCC_WARN_UNUSED_VARIABLE = YES;
				IPHONEOS_DEPLOYMENT_TARGET = 12.0;
				MTL_ENABLE_DEBUG_INFO = YES;
				ONLY_ACTIVE_ARCH = YES;
				SDKROOT = iphoneos;
			};
			name = Debug;
		};
		58B511EE1A9E6C8500147676 /* Release */ = {
			isa = XCBuildConfiguration;
			buildSettings = {
				ALWAYS_SEARCH_USER_PATHS = NO;
				CLANG_CXX_LANGUAGE_STANDARD = "gnu++0x";
				CLANG_CXX_LIBRARY = "libc++";
				CLANG_ENABLE_MODULES = YES;
				CLANG_ENABLE_OBJC_ARC = YES;
				CLANG_WARN_BLOCK_CAPTURE_AUTORELEASING = YES;
				CLANG_WARN_BOOL_CONVERSION = YES;
				CLANG_WARN_COMMA = YES;
				CLANG_WARN_CONSTANT_CONVERSION = YES;
				CLANG_WARN_DIRECT_OBJC_ISA_USAGE = YES_ERROR;
				CLANG_WARN_EMPTY_BODY = YES;
				CLANG_WARN_ENUM_CONVERSION = YES;
				CLANG_WARN_INFINITE_RECURSION = YES;
				CLANG_WARN_INT_CONVERSION = YES;
				CLANG_WARN_NON_LITERAL_NULL_CONVERSION = YES;
				CLANG_WARN_OBJC_LITERAL_CONVERSION = YES;
				CLANG_WARN_OBJC_ROOT_CLASS = YES_ERROR;
				CLANG_WARN_RANGE_LOOP_ANALYSIS = YES;
				CLANG_WARN_STRICT_PROTOTYPES = YES;
				CLANG_WARN_SUSPICIOUS_MOVE = YES;
				CLANG_WARN_UNREACHABLE_CODE = YES;
				CLANG_WARN__DUPLICATE_METHOD_MATCH = YES;
				COPY_PHASE_STRIP = YES;
				ENABLE_NS_ASSERTIONS = NO;
				ENABLE_STRICT_OBJC_MSGSEND = YES;
				GCC_C_LANGUAGE_STANDARD = gnu99;
				GCC_NO_COMMON_BLOCKS = YES;
				GCC_WARN_64_TO_32_BIT_CONVERSION = YES;
				GCC_WARN_ABOUT_RETURN_TYPE = YES_ERROR;
				GCC_WARN_UNDECLARED_SELECTOR = YES;
				GCC_WARN_UNINITIALIZED_AUTOS = YES_AGGRESSIVE;
				GCC_WARN_UNUSED_FUNCTION = YES;
				GCC_WARN_UNUSED_VARIABLE = YES;
				IPHONEOS_DEPLOYMENT_TARGET = 12.0;
				MTL_ENABLE_DEBUG_INFO = NO;
				SDKROOT = iphoneos;
				VALIDATE_PRODUCT = YES;
			};
			name = Release;
		};
		58B511F01A9E6C8500147676 /* Debug */ = {
			isa = XCBuildConfiguration;
			buildSettings = {
				FRAMEWORK_SEARCH_PATHS = (
					"$(inherited)",
					"$(PROJECT_DIR)",
					"$(PROJECT_DIR)/Frameworks",
					"$(PROJECT_DIR)/InMobileMME",
					"$(PROJECT_DIR)/SolusIntegrationLibrary",
				);
				HEADER_SEARCH_PATHS = (
					"$(inherited)",
					/Applications/Xcode.app/Contents/Developer/Toolchains/XcodeDefault.xctoolchain/usr/include,
					"$(SRCROOT)/../../../React/**",
					"$(SRCROOT)/../../react-native/React/**",
				);
				LIBRARY_SEARCH_PATHS = (
					"$(inherited)",
					"$(PROJECT_DIR)",
				);
				OTHER_LDFLAGS = "-ObjC";
				PRODUCT_NAME = Rnsolus;
				SKIP_INSTALL = YES;
				VALIDATE_WORKSPACE = YES;
			};
			name = Debug;
		};
		58B511F11A9E6C8500147676 /* Release */ = {
			isa = XCBuildConfiguration;
			buildSettings = {
				FRAMEWORK_SEARCH_PATHS = (
					"$(inherited)",
					"$(PROJECT_DIR)",
					"$(PROJECT_DIR)/Frameworks",
					"$(PROJECT_DIR)/InMobileMME",
					"$(PROJECT_DIR)/SolusIntegrationLibrary",
				);
				HEADER_SEARCH_PATHS = (
					"$(inherited)",
					/Applications/Xcode.app/Contents/Developer/Toolchains/XcodeDefault.xctoolchain/usr/include,
					"$(SRCROOT)/../../../React/**",
					"$(SRCROOT)/../../react-native/React/**",
				);
				LIBRARY_SEARCH_PATHS = (
					"$(inherited)",
					"$(PROJECT_DIR)",
				);
				OTHER_LDFLAGS = "-ObjC";
				PRODUCT_NAME = Rnsolus;
				SKIP_INSTALL = YES;
				VALIDATE_WORKSPACE = YES;
			};
			name = Release;
		};
/* End XCBuildConfiguration section */

/* Begin XCConfigurationList section */
		58B511D61A9E6C8500147676 /* Build configuration list for PBXProject "Rnsolus" */ = {
			isa = XCConfigurationList;
			buildConfigurations = (
				58B511ED1A9E6C8500147676 /* Debug */,
				58B511EE1A9E6C8500147676 /* Release */,
			);
			defaultConfigurationIsVisible = 0;
			defaultConfigurationName = Release;
		};
		58B511EF1A9E6C8500147676 /* Build configuration list for PBXNativeTarget "Rnsolus" */ = {
			isa = XCConfigurationList;
			buildConfigurations = (
				58B511F01A9E6C8500147676 /* Debug */,
				58B511F11A9E6C8500147676 /* Release */,
			);
			defaultConfigurationIsVisible = 0;
			defaultConfigurationName = Release;
		};
/* End XCConfigurationList section */
	};
	rootObject = 58B511D31A9E6C8500147676 /* Project object */;
}
